
Microsoft Visual Studio Solution File, Format Version 12.00
# Visual Studio Version 16
VisualStudioVersion = 16.0.31112.23
MinimumVisualStudioVersion = 10.0.40219.1
Project("{FAE04EC0-301F-11D3-BF4B-00C04F79EFBC}") = "SGReservation", "SGReservation\SGReservation.csproj", "{ABF98C33-6BDA-4B8E-A970-2F9AC4D4DEDE}"
EndProject
Global
	GlobalSection(SolutionConfigurationPlatforms) = preSolution
		Debug|Any CPU = Debug|Any CPU
		Release|Any CPU = Release|Any CPU
	EndGlobalSection
	GlobalSection(ProjectConfigurationPlatforms) = postSolution
		{ABF98C33-6BDA-4B8E-A970-2F9AC4D4DEDE}.Debug|Any CPU.ActiveCfg = Debug|Any CPU
		{ABF98C33-6BDA-4B8E-A970-2F9AC4D4DEDE}.Debug|Any CPU.Build.0 = Debug|Any CPU
		{ABF98C33-6BDA-4B8E-A970-2F9AC4D4DEDE}.Release|Any CPU.ActiveCfg = Release|Any CPU
		{ABF98C33-6BDA-4B8E-A970-2F9AC4D4DEDE}.Release|Any CPU.Build.0 = Release|Any CPU
	EndGlobalSection
	GlobalSection(SolutionProperties) = preSolution
		HideSolutionNode = FALSE
	EndGlobalSection
	GlobalSection(ExtensibilityGlobals) = postSolution
		SolutionGuid = {E51DFD48-C5D5-4032-92AF-89BFA476C7F2}
	EndGlobalSection
EndGlobal
